
Microsoft Visual Studio Solution File, Format Version 12.00
# Visual Studio 15
VisualStudioVersion = 15.0.26730.12
MinimumVisualStudioVersion = 10.0.40219.1
Project("{FAE04EC0-301F-11D3-BF4B-00C04F79EFBC}") = "SupportLibraryElasticSearch", "SupportLibraryElasticSearch\SupportLibraryElasticSearch.csproj", "{BE8EB53B-AAAA-476B-8025-58916A957F9F}"
EndProject
Project("{FAE04EC0-301F-11D3-BF4B-00C04F79EFBC}") = "UIConsole", "UIConsole\UIConsole.csproj", "{B69C6148-6C17-400E-89E2-5B9CAA938A8E}"
EndProject
Global
	GlobalSection(SolutionConfigurationPlatforms) = preSolution
		Debug|Any CPU = Debug|Any CPU
		Release|Any CPU = Release|Any CPU
	EndGlobalSection
	GlobalSection(ProjectConfigurationPlatforms) = postSolution
		{BE8EB53B-AAAA-476B-8025-58916A957F9F}.Debug|Any CPU.ActiveCfg = Debug|Any CPU
		{BE8EB53B-AAAA-476B-8025-58916A957F9F}.Debug|Any CPU.Build.0 = Debug|Any CPU
		{BE8EB53B-AAAA-476B-8025-58916A957F9F}.Release|Any CPU.ActiveCfg = Release|Any CPU
		{BE8EB53B-AAAA-476B-8025-58916A957F9F}.Release|Any CPU.Build.0 = Release|Any CPU
		{B69C6148-6C17-400E-89E2-5B9CAA938A8E}.Debug|Any CPU.ActiveCfg = Debug|Any CPU
		{B69C6148-6C17-400E-89E2-5B9CAA938A8E}.Debug|Any CPU.Build.0 = Debug|Any CPU
		{B69C6148-6C17-400E-89E2-5B9CAA938A8E}.Release|Any CPU.ActiveCfg = Release|Any CPU
		{B69C6148-6C17-400E-89E2-5B9CAA938A8E}.Release|Any CPU.Build.0 = Release|Any CPU
	EndGlobalSection
	GlobalSection(SolutionProperties) = preSolution
		HideSolutionNode = FALSE
	EndGlobalSection
	GlobalSection(ExtensibilityGlobals) = postSolution
		SolutionGuid = {ACCF7955-F15C-41C2-9A00-1367A9F1ABFC}
	EndGlobalSection
EndGlobal
